// !$*UTF8*$!
{
	archiveVersion = 1;
	classes = {
	};
	objectVersion = 56;
	objects = {

/* Begin PBXBuildFile section */
		173D99F72BD67EB2000A405C /* LandmarkRow.swift in Sources */ = {isa = PBXBuildFile; fileRef = 173D99F62BD67EB2000A405C /* LandmarkRow.swift */; };
		173D99F92BD686C7000A405C /* LandmarkList.swift in Sources */ = {isa = PBXBuildFile; fileRef = 173D99F82BD686C7000A405C /* LandmarkList.swift */; };
		173D99FB2BD68787000A405C /* LandmarkDetail.swift in Sources */ = {isa = PBXBuildFile; fileRef = 173D99FA2BD68787000A405C /* LandmarkDetail.swift */; };
		173D99FD2BD6A6FF000A405C /* FavoriteButton.swift in Sources */ = {isa = PBXBuildFile; fileRef = 173D99FC2BD6A6FF000A405C /* FavoriteButton.swift */; };
		175F3D1B2BD6F3B700F95BB5 /* Badge.swift in Sources */ = {isa = PBXBuildFile; fileRef = 175F3D162BD6F3B700F95BB5 /* Badge.swift */; };
		175F3D1C2BD6F3B700F95BB5 /* BadgeSymbol.swift in Sources */ = {isa = PBXBuildFile; fileRef = 175F3D172BD6F3B700F95BB5 /* BadgeSymbol.swift */; };
		175F3D1D2BD6F3B700F95BB5 /* BadgeBackground.swift in Sources */ = {isa = PBXBuildFile; fileRef = 175F3D182BD6F3B700F95BB5 /* BadgeBackground.swift */; };
		175F3D1E2BD6F3B700F95BB5 /* HexagonParameters.swift in Sources */ = {isa = PBXBuildFile; fileRef = 175F3D192BD6F3B700F95BB5 /* HexagonParameters.swift */; };
		175F3D1F2BD6F3B700F95BB5 /* RotatedBadgeSymbol.swift in Sources */ = {isa = PBXBuildFile; fileRef = 175F3D1A2BD6F3B700F95BB5 /* RotatedBadgeSymbol.swift */; };
		175F3D212BD7BFAD00F95BB5 /* hikeData.json in Resources */ = {isa = PBXBuildFile; fileRef = 175F3D202BD7BFAD00F95BB5 /* hikeData.json */; };
		175F3D232BD7BFBD00F95BB5 /* Hike.swift in Sources */ = {isa = PBXBuildFile; fileRef = 175F3D222BD7BFBD00F95BB5 /* Hike.swift */; };
		175F3D2B2BD7C12100F95BB5 /* GraphCapsule.swift in Sources */ = {isa = PBXBuildFile; fileRef = 175F3D262BD7C12100F95BB5 /* GraphCapsule.swift */; };
		175F3D2C2BD7C12100F95BB5 /* HikeDetail.swift in Sources */ = {isa = PBXBuildFile; fileRef = 175F3D272BD7C12100F95BB5 /* HikeDetail.swift */; };
		175F3D2D2BD7C12200F95BB5 /* HikeGraph.swift in Sources */ = {isa = PBXBuildFile; fileRef = 175F3D282BD7C12100F95BB5 /* HikeGraph.swift */; };
		175F3D2E2BD7C12200F95BB5 /* HikeView.swift in Sources */ = {isa = PBXBuildFile; fileRef = 175F3D292BD7C12100F95BB5 /* HikeView.swift */; };
		175F3D312BD7CFB600F95BB5 /* CategoryHome.swift in Sources */ = {isa = PBXBuildFile; fileRef = 175F3D302BD7CFB600F95BB5 /* CategoryHome.swift */; };
		175F3D332BD7D72800F95BB5 /* CategoryRow.swift in Sources */ = {isa = PBXBuildFile; fileRef = 175F3D322BD7D72800F95BB5 /* CategoryRow.swift */; };
		175F3D352BD7D82100F95BB5 /* CategoryItem.swift in Sources */ = {isa = PBXBuildFile; fileRef = 175F3D342BD7D82100F95BB5 /* CategoryItem.swift */; };
		17F401B12BD661CD00F07971 /* LandmarksApp.swift in Sources */ = {isa = PBXBuildFile; fileRef = 17F401B02BD661CD00F07971 /* LandmarksApp.swift */; };
		17F401B32BD661CD00F07971 /* ContentView.swift in Sources */ = {isa = PBXBuildFile; fileRef = 17F401B22BD661CD00F07971 /* ContentView.swift */; };
		17F401B52BD661CE00F07971 /* Assets.xcassets in Resources */ = {isa = PBXBuildFile; fileRef = 17F401B42BD661CE00F07971 /* Assets.xcassets */; };
		17F401B82BD661CE00F07971 /* Preview Assets.xcassets in Resources */ = {isa = PBXBuildFile; fileRef = 17F401B72BD661CE00F07971 /* Preview Assets.xcassets */; };
		17F401C12BD66BB100F07971 /* CircleImage.swift in Sources */ = {isa = PBXBuildFile; fileRef = 17F401C02BD66BB100F07971 /* CircleImage.swift */; };
		17F401C42BD66CBF00F07971 /* MapView.swift in Sources */ = {isa = PBXBuildFile; fileRef = 17F401C32BD66CBF00F07971 /* MapView.swift */; };
		17F401C62BD6778E00F07971 /* landmarkData.json in Resources */ = {isa = PBXBuildFile; fileRef = 17F401C52BD6778E00F07971 /* landmarkData.json */; };
		17F401C82BD677A200F07971 /* Landmark.swift in Sources */ = {isa = PBXBuildFile; fileRef = 17F401C72BD677A200F07971 /* Landmark.swift */; };
		17F401CA2BD678B800F07971 /* ModelDate.swift in Sources */ = {isa = PBXBuildFile; fileRef = 17F401C92BD678B800F07971 /* ModelDate.swift */; };
/* End PBXBuildFile section */

/* Begin PBXFileReference section */
		173D99F62BD67EB2000A405C /* LandmarkRow.swift */ = {isa = PBXFileReference; lastKnownFileType = sourcecode.swift; path = LandmarkRow.swift; sourceTree = "<group>"; };
		173D99F82BD686C7000A405C /* LandmarkList.swift */ = {isa = PBXFileReference; lastKnownFileType = sourcecode.swift; path = LandmarkList.swift; sourceTree = "<group>"; };
		173D99FA2BD68787000A405C /* LandmarkDetail.swift */ = {isa = PBXFileReference; lastKnownFileType = sourcecode.swift; path = LandmarkDetail.swift; sourceTree = "<group>"; };
		173D99FC2BD6A6FF000A405C /* FavoriteButton.swift */ = {isa = PBXFileReference; lastKnownFileType = sourcecode.swift; path = FavoriteButton.swift; sourceTree = "<group>"; };
		175F3D162BD6F3B700F95BB5 /* Badge.swift */ = {isa = PBXFileReference; fileEncoding = 4; lastKnownFileType = sourcecode.swift; path = Badge.swift; sourceTree = "<group>"; };
		175F3D172BD6F3B700F95BB5 /* BadgeSymbol.swift */ = {isa = PBXFileReference; fileEncoding = 4; lastKnownFileType = sourcecode.swift; path = BadgeSymbol.swift; sourceTree = "<group>"; };
		175F3D182BD6F3B700F95BB5 /* BadgeBackground.swift */ = {isa = PBXFileReference; fileEncoding = 4; lastKnownFileType = sourcecode.swift; path = BadgeBackground.swift; sourceTree = "<group>"; };
		175F3D192BD6F3B700F95BB5 /* HexagonParameters.swift */ = {isa = PBXFileReference; fileEncoding = 4; lastKnownFileType = sourcecode.swift; path = HexagonParameters.swift; sourceTree = "<group>"; };
		175F3D1A2BD6F3B700F95BB5 /* RotatedBadgeSymbol.swift */ = {isa = PBXFileReference; fileEncoding = 4; lastKnownFileType = sourcecode.swift; path = RotatedBadgeSymbol.swift; sourceTree = "<group>"; };
		175F3D202BD7BFAD00F95BB5 /* hikeData.json */ = {isa = PBXFileReference; fileEncoding = 4; lastKnownFileType = text.json; path = hikeData.json; sourceTree = "<group>"; };
		175F3D222BD7BFBD00F95BB5 /* Hike.swift */ = {isa = PBXFileReference; lastKnownFileType = sourcecode.swift; path = Hike.swift; sourceTree = "<group>"; };
		175F3D262BD7C12100F95BB5 /* GraphCapsule.swift */ = {isa = PBXFileReference; fileEncoding = 4; lastKnownFileType = sourcecode.swift; path = GraphCapsule.swift; sourceTree = "<group>"; };
		175F3D272BD7C12100F95BB5 /* HikeDetail.swift */ = {isa = PBXFileReference; fileEncoding = 4; lastKnownFileType = sourcecode.swift; path = HikeDetail.swift; sourceTree = "<group>"; };
		175F3D282BD7C12100F95BB5 /* HikeGraph.swift */ = {isa = PBXFileReference; fileEncoding = 4; lastKnownFileType = sourcecode.swift; path = HikeGraph.swift; sourceTree = "<group>"; };
		175F3D292BD7C12100F95BB5 /* HikeView.swift */ = {isa = PBXFileReference; fileEncoding = 4; lastKnownFileType = sourcecode.swift; path = HikeView.swift; sourceTree = "<group>"; };
		175F3D302BD7CFB600F95BB5 /* CategoryHome.swift */ = {isa = PBXFileReference; lastKnownFileType = sourcecode.swift; path = CategoryHome.swift; sourceTree = "<group>"; };
		175F3D322BD7D72800F95BB5 /* CategoryRow.swift */ = {isa = PBXFileReference; lastKnownFileType = sourcecode.swift; path = CategoryRow.swift; sourceTree = "<group>"; };
		175F3D342BD7D82100F95BB5 /* CategoryItem.swift */ = {isa = PBXFileReference; lastKnownFileType = sourcecode.swift; path = CategoryItem.swift; sourceTree = "<group>"; };
		17F401AD2BD661CD00F07971 /* Landmarks.app */ = {isa = PBXFileReference; explicitFileType = wrapper.application; includeInIndex = 0; path = Landmarks.app; sourceTree = BUILT_PRODUCTS_DIR; };
		17F401B02BD661CD00F07971 /* LandmarksApp.swift */ = {isa = PBXFileReference; lastKnownFileType = sourcecode.swift; path = LandmarksApp.swift; sourceTree = "<group>"; };
		17F401B22BD661CD00F07971 /* ContentView.swift */ = {isa = PBXFileReference; lastKnownFileType = sourcecode.swift; path = ContentView.swift; sourceTree = "<group>"; };
		17F401B42BD661CE00F07971 /* Assets.xcassets */ = {isa = PBXFileReference; lastKnownFileType = folder.assetcatalog; path = Assets.xcassets; sourceTree = "<group>"; };
		17F401B72BD661CE00F07971 /* Preview Assets.xcassets */ = {isa = PBXFileReference; lastKnownFileType = folder.assetcatalog; path = "Preview Assets.xcassets"; sourceTree = "<group>"; };
		17F401C02BD66BB100F07971 /* CircleImage.swift */ = {isa = PBXFileReference; lastKnownFileType = sourcecode.swift; path = CircleImage.swift; sourceTree = "<group>"; };
		17F401C32BD66CBF00F07971 /* MapView.swift */ = {isa = PBXFileReference; lastKnownFileType = sourcecode.swift; path = MapView.swift; sourceTree = "<group>"; };
		17F401C52BD6778E00F07971 /* landmarkData.json */ = {isa = PBXFileReference; fileEncoding = 4; lastKnownFileType = text.json; path = landmarkData.json; sourceTree = "<group>"; };
		17F401C72BD677A200F07971 /* Landmark.swift */ = {isa = PBXFileReference; lastKnownFileType = sourcecode.swift; path = Landmark.swift; sourceTree = "<group>"; };
		17F401C92BD678B800F07971 /* ModelDate.swift */ = {isa = PBXFileReference; lastKnownFileType = sourcecode.swift; path = ModelDate.swift; sourceTree = "<group>"; };
/* End PBXFileReference section */

/* Begin PBXFrameworksBuildPhase section */
		17F401AA2BD661CD00F07971 /* Frameworks */ = {
			isa = PBXFrameworksBuildPhase;
			buildActionMask = 2147483647;
			files = (
			);
			runOnlyForDeploymentPostprocessing = 0;
		};
/* End PBXFrameworksBuildPhase section */

/* Begin PBXGroup section */
		173D99F32BD67E5A000A405C /* Views */ = {
			isa = PBXGroup;
			children = (
				175F3D2F2BD7CFA500F95BB5 /* Categories */,
				173D99FF2BD6A7B6000A405C /* Landmarks */,
				173D99FE2BD6A79B000A405C /* Helper */,
				17F401B22BD661CD00F07971 /* ContentView.swift */,
				175F3D152BD6F31400F95BB5 /* Badges */,
			);
			path = Views;
			sourceTree = "<group>";
		};
		173D99F42BD67E70000A405C /* Model */ = {
			isa = PBXGroup;
			children = (
				175F3D222BD7BFBD00F95BB5 /* Hike.swift */,
				17F401C72BD677A200F07971 /* Landmark.swift */,
				17F401C92BD678B800F07971 /* ModelDate.swift */,
			);
			path = Model;
			sourceTree = "<group>";
		};
		173D99F52BD67E82000A405C /* Resources */ = {
			isa = PBXGroup;
			children = (
				175F3D202BD7BFAD00F95BB5 /* hikeData.json */,
				17F401C52BD6778E00F07971 /* landmarkData.json */,
			);
			path = Resources;
			sourceTree = "<group>";
		};
		173D99FE2BD6A79B000A405C /* Helper */ = {
			isa = PBXGroup;
			children = (
				17F401C02BD66BB100F07971 /* CircleImage.swift */,
				17F401C32BD66CBF00F07971 /* MapView.swift */,
				173D99FC2BD6A6FF000A405C /* FavoriteButton.swift */,
			);
			path = Helper;
			sourceTree = "<group>";
		};
		173D99FF2BD6A7B6000A405C /* Landmarks */ = {
			isa = PBXGroup;
			children = (
				173D99F62BD67EB2000A405C /* LandmarkRow.swift */,
				173D99F82BD686C7000A405C /* LandmarkList.swift */,
				173D99FA2BD68787000A405C /* LandmarkDetail.swift */,
			);
			path = Landmarks;
			sourceTree = "<group>";
		};
		175F3D152BD6F31400F95BB5 /* Badges */ = {
			isa = PBXGroup;
			children = (
				175F3D162BD6F3B700F95BB5 /* Badge.swift */,
				175F3D182BD6F3B700F95BB5 /* BadgeBackground.swift */,
				175F3D172BD6F3B700F95BB5 /* BadgeSymbol.swift */,
				175F3D192BD6F3B700F95BB5 /* HexagonParameters.swift */,
				175F3D1A2BD6F3B700F95BB5 /* RotatedBadgeSymbol.swift */,
			);
			path = Badges;
			sourceTree = "<group>";
		};
		175F3D2A2BD7C12100F95BB5 /* Hikes */ = {
			isa = PBXGroup;
			children = (
				175F3D262BD7C12100F95BB5 /* GraphCapsule.swift */,
				175F3D272BD7C12100F95BB5 /* HikeDetail.swift */,
				175F3D282BD7C12100F95BB5 /* HikeGraph.swift */,
				175F3D292BD7C12100F95BB5 /* HikeView.swift */,
			);
			path = Hikes;
			sourceTree = "<group>";
		};
		175F3D2F2BD7CFA500F95BB5 /* Categories */ = {
			isa = PBXGroup;
			children = (
				175F3D302BD7CFB600F95BB5 /* CategoryHome.swift */,
				175F3D322BD7D72800F95BB5 /* CategoryRow.swift */,
				175F3D342BD7D82100F95BB5 /* CategoryItem.swift */,
			);
			path = Categories;
			sourceTree = "<group>";
		};
		17F401A42BD661CD00F07971 = {
			isa = PBXGroup;
			children = (
				17F401AF2BD661CD00F07971 /* Landmarks */,
				17F401AE2BD661CD00F07971 /* Products */,
			);
			sourceTree = "<group>";
		};
		17F401AE2BD661CD00F07971 /* Products */ = {
			isa = PBXGroup;
			children = (
				17F401AD2BD661CD00F07971 /* Landmarks.app */,
			);
			name = Products;
			sourceTree = "<group>";
		};
		17F401AF2BD661CD00F07971 /* Landmarks */ = {
			isa = PBXGroup;
			children = (
				175F3D2A2BD7C12100F95BB5 /* Hikes */,
				173D99F52BD67E82000A405C /* Resources */,
				173D99F42BD67E70000A405C /* Model */,
				173D99F32BD67E5A000A405C /* Views */,
				17F401B02BD661CD00F07971 /* LandmarksApp.swift */,
				17F401B42BD661CE00F07971 /* Assets.xcassets */,
				17F401B62BD661CE00F07971 /* Preview Content */,
			);
			path = Landmarks;
			sourceTree = "<group>";
		};
		17F401B62BD661CE00F07971 /* Preview Content */ = {
			isa = PBXGroup;
			children = (
				17F401B72BD661CE00F07971 /* Preview Assets.xcassets */,
			);
			path = "Preview Content";
			sourceTree = "<group>";
		};
/* End PBXGroup section */

/* Begin PBXNativeTarget section */
		17F401AC2BD661CD00F07971 /* Landmarks */ = {
			isa = PBXNativeTarget;
			buildConfigurationList = 17F401BB2BD661CE00F07971 /* Build configuration list for PBXNativeTarget "Landmarks" */;
			buildPhases = (
				17F401A92BD661CD00F07971 /* Sources */,
				17F401AA2BD661CD00F07971 /* Frameworks */,
				17F401AB2BD661CD00F07971 /* Resources */,
			);
			buildRules = (
			);
			dependencies = (
			);
			name = Landmarks;
			productName = Landmarks;
			productReference = 17F401AD2BD661CD00F07971 /* Landmarks.app */;
			productType = "com.apple.product-type.application";
		};
/* End PBXNativeTarget section */

/* Begin PBXProject section */
		17F401A52BD661CD00F07971 /* Project object */ = {
			isa = PBXProject;
			attributes = {
				BuildIndependentTargetsInParallel = 1;
				LastSwiftUpdateCheck = 1530;
				LastUpgradeCheck = 1530;
				TargetAttributes = {
					17F401AC2BD661CD00F07971 = {
						CreatedOnToolsVersion = 15.3;
					};
				};
			};
			buildConfigurationList = 17F401A82BD661CD00F07971 /* Build configuration list for PBXProject "Landmarks" */;
			compatibilityVersion = "Xcode 14.0";
			developmentRegion = en;
			hasScannedForEncodings = 0;
			knownRegions = (
				en,
				Base,
			);
			mainGroup = 17F401A42BD661CD00F07971;
			productRefGroup = 17F401AE2BD661CD00F07971 /* Products */;
			projectDirPath = "";
			projectRoot = "";
			targets = (
				17F401AC2BD661CD00F07971 /* Landmarks */,
			);
		};
/* End PBXProject section */

/* Begin PBXResourcesBuildPhase section */
		17F401AB2BD661CD00F07971 /* Resources */ = {
			isa = PBXResourcesBuildPhase;
			buildActionMask = 2147483647;
			files = (
				175F3D212BD7BFAD00F95BB5 /* hikeData.json in Resources */,
				17F401B82BD661CE00F07971 /* Preview Assets.xcassets in Resources */,
				17F401B52BD661CE00F07971 /* Assets.xcassets in Resources */,
				17F401C62BD6778E00F07971 /* landmarkData.json in Resources */,
			);
			runOnlyForDeploymentPostprocessing = 0;
		};
/* End PBXResourcesBuildPhase section */

/* Begin PBXSourcesBuildPhase section */
		17F401A92BD661CD00F07971 /* Sources */ = {
			isa = PBXSourcesBuildPhase;
			buildActionMask = 2147483647;
			files = (
				175F3D1E2BD6F3B700F95BB5 /* HexagonParameters.swift in Sources */,
				175F3D312BD7CFB600F95BB5 /* CategoryHome.swift in Sources */,
				175F3D332BD7D72800F95BB5 /* CategoryRow.swift in Sources */,
				17F401B32BD661CD00F07971 /* ContentView.swift in Sources */,
				17F401C42BD66CBF00F07971 /* MapView.swift in Sources */,
				175F3D2B2BD7C12100F95BB5 /* GraphCapsule.swift in Sources */,
				175F3D2D2BD7C12200F95BB5 /* HikeGraph.swift in Sources */,
				175F3D1B2BD6F3B700F95BB5 /* Badge.swift in Sources */,
				17F401B12BD661CD00F07971 /* LandmarksApp.swift in Sources */,
				175F3D352BD7D82100F95BB5 /* CategoryItem.swift in Sources */,
				173D99FD2BD6A6FF000A405C /* FavoriteButton.swift in Sources */,
				175F3D232BD7BFBD00F95BB5 /* Hike.swift in Sources */,
				175F3D1C2BD6F3B700F95BB5 /* BadgeSymbol.swift in Sources */,
				173D99F92BD686C7000A405C /* LandmarkList.swift in Sources */,
				175F3D1F2BD6F3B700F95BB5 /* RotatedBadgeSymbol.swift in Sources */,
				175F3D2C2BD7C12100F95BB5 /* HikeDetail.swift in Sources */,
				175F3D2E2BD7C12200F95BB5 /* HikeView.swift in Sources */,
				173D99FB2BD68787000A405C /* LandmarkDetail.swift in Sources */,
				175F3D1D2BD6F3B700F95BB5 /* BadgeBackground.swift in Sources */,
				17F401CA2BD678B800F07971 /* ModelDate.swift in Sources */,
				17F401C12BD66BB100F07971 /* CircleImage.swift in Sources */,
				173D99F72BD67EB2000A405C /* LandmarkRow.swift in Sources */,
				17F401C82BD677A200F07971 /* Landmark.swift in Sources */,
			);
			runOnlyForDeploymentPostprocessing = 0;
		};
/* End PBXSourcesBuildPhase section */

/* Begin XCBuildConfiguration section */
		17F401B92BD661CE00F07971 /* Debug */ = {
			isa = XCBuildConfiguration;
			buildSettings = {
				ALWAYS_SEARCH_USER_PATHS = NO;
				ASSETCATALOG_COMPILER_GENERATE_SWIFT_ASSET_SYMBOL_EXTENSIONS = YES;
				CLANG_ANALYZER_NONNULL = YES;
				CLANG_ANALYZER_NUMBER_OBJECT_CONVERSION = YES_AGGRESSIVE;
				CLANG_CXX_LANGUAGE_STANDARD = "gnu++20";
				CLANG_ENABLE_MODULES = YES;
				CLANG_ENABLE_OBJC_ARC = YES;
				CLANG_ENABLE_OBJC_WEAK = YES;
				CLANG_WARN_BLOCK_CAPTURE_AUTORELEASING = YES;
				CLANG_WARN_BOOL_CONVERSION = YES;
				CLANG_WARN_COMMA = YES;
				CLANG_WARN_CONSTANT_CONVERSION = YES;
				CLANG_WARN_DEPRECATED_OBJC_IMPLEMENTATIONS = YES;
				CLANG_WARN_DIRECT_OBJC_ISA_USAGE = YES_ERROR;
				CLANG_WARN_DOCUMENTATION_COMMENTS = YES;
				CLANG_WARN_EMPTY_BODY = YES;
				CLANG_WARN_ENUM_CONVERSION = YES;
				CLANG_WARN_INFINITE_RECURSION = YES;
				CLANG_WARN_INT_CONVERSION = YES;
				CLANG_WARN_NON_LITERAL_NULL_CONVERSION = YES;
				CLANG_WARN_OBJC_IMPLICIT_RETAIN_SELF = YES;
				CLANG_WARN_OBJC_LITERAL_CONVERSION = YES;
				CLANG_WARN_OBJC_ROOT_CLASS = YES_ERROR;
				CLANG_WARN_QUOTED_INCLUDE_IN_FRAMEWORK_HEADER = YES;
				CLANG_WARN_RANGE_LOOP_ANALYSIS = YES;
				CLANG_WARN_STRICT_PROTOTYPES = YES;
				CLANG_WARN_SUSPICIOUS_MOVE = YES;
				CLANG_WARN_UNGUARDED_AVAILABILITY = YES_AGGRESSIVE;
				CLANG_WARN_UNREACHABLE_CODE = YES;
				CLANG_WARN__DUPLICATE_METHOD_MATCH = YES;
				COPY_PHASE_STRIP = NO;
				DEBUG_INFORMATION_FORMAT = dwarf;
				ENABLE_STRICT_OBJC_MSGSEND = YES;
				ENABLE_TESTABILITY = YES;
				ENABLE_USER_SCRIPT_SANDBOXING = YES;
				GCC_C_LANGUAGE_STANDARD = gnu17;
				GCC_DYNAMIC_NO_PIC = NO;
				GCC_NO_COMMON_BLOCKS = YES;
				GCC_OPTIMIZATION_LEVEL = 0;
				GCC_PREPROCESSOR_DEFINITIONS = (
					"DEBUG=1",
					"$(inherited)",
				);
				GCC_WARN_64_TO_32_BIT_CONVERSION = YES;
				GCC_WARN_ABOUT_RETURN_TYPE = YES_ERROR;
				GCC_WARN_UNDECLARED_SELECTOR = YES;
				GCC_WARN_UNINITIALIZED_AUTOS = YES_AGGRESSIVE;
				GCC_WARN_UNUSED_FUNCTION = YES;
				GCC_WARN_UNUSED_VARIABLE = YES;
				IPHONEOS_DEPLOYMENT_TARGET = 17.4;
				LOCALIZATION_PREFERS_STRING_CATALOGS = YES;
				MTL_ENABLE_DEBUG_INFO = INCLUDE_SOURCE;
				MTL_FAST_MATH = YES;
				ONLY_ACTIVE_ARCH = YES;
				SDKROOT = iphoneos;
				SWIFT_ACTIVE_COMPILATION_CONDITIONS = "DEBUG $(inherited)";
				SWIFT_OPTIMIZATION_LEVEL = "-Onone";
			};
			name = Debug;
		};
		17F401BA2BD661CE00F07971 /* Release */ = {
			isa = XCBuildConfiguration;
			buildSettings = {
				ALWAYS_SEARCH_USER_PATHS = NO;
				ASSETCATALOG_COMPILER_GENERATE_SWIFT_ASSET_SYMBOL_EXTENSIONS = YES;
				CLANG_ANALYZER_NONNULL = YES;
				CLANG_ANALYZER_NUMBER_OBJECT_CONVERSION = YES_AGGRESSIVE;
				CLANG_CXX_LANGUAGE_STANDARD = "gnu++20";
				CLANG_ENABLE_MODULES = YES;
				CLANG_ENABLE_OBJC_ARC = YES;
				CLANG_ENABLE_OBJC_WEAK = YES;
				CLANG_WARN_BLOCK_CAPTURE_AUTORELEASING = YES;
				CLANG_WARN_BOOL_CONVERSION = YES;
				CLANG_WARN_COMMA = YES;
				CLANG_WARN_CONSTANT_CONVERSION = YES;
				CLANG_WARN_DEPRECATED_OBJC_IMPLEMENTATIONS = YES;
				CLANG_WARN_DIRECT_OBJC_ISA_USAGE = YES_ERROR;
				CLANG_WARN_DOCUMENTATION_COMMENTS = YES;
				CLANG_WARN_EMPTY_BODY = YES;
				CLANG_WARN_ENUM_CONVERSION = YES;
				CLANG_WARN_INFINITE_RECURSION = YES;
				CLANG_WARN_INT_CONVERSION = YES;
				CLANG_WARN_NON_LITERAL_NULL_CONVERSION = YES;
				CLANG_WARN_OBJC_IMPLICIT_RETAIN_SELF = YES;
				CLANG_WARN_OBJC_LITERAL_CONVERSION = YES;
				CLANG_WARN_OBJC_ROOT_CLASS = YES_ERROR;
				CLANG_WARN_QUOTED_INCLUDE_IN_FRAMEWORK_HEADER = YES;
				CLANG_WARN_RANGE_LOOP_ANALYSIS = YES;
				CLANG_WARN_STRICT_PROTOTYPES = YES;
				CLANG_WARN_SUSPICIOUS_MOVE = YES;
				CLANG_WARN_UNGUARDED_AVAILABILITY = YES_AGGRESSIVE;
				CLANG_WARN_UNREACHABLE_CODE = YES;
				CLANG_WARN__DUPLICATE_METHOD_MATCH = YES;
				COPY_PHASE_STRIP = NO;
				DEBUG_INFORMATION_FORMAT = "dwarf-with-dsym";
				ENABLE_NS_ASSERTIONS = NO;
				ENABLE_STRICT_OBJC_MSGSEND = YES;
				ENABLE_USER_SCRIPT_SANDBOXING = YES;
				GCC_C_LANGUAGE_STANDARD = gnu17;
				GCC_NO_COMMON_BLOCKS = YES;
				GCC_WARN_64_TO_32_BIT_CONVERSION = YES;
				GCC_WARN_ABOUT_RETURN_TYPE = YES_ERROR;
				GCC_WARN_UNDECLARED_SELECTOR = YES;
				GCC_WARN_UNINITIALIZED_AUTOS = YES_AGGRESSIVE;
				GCC_WARN_UNUSED_FUNCTION = YES;
				GCC_WARN_UNUSED_VARIABLE = YES;
				IPHONEOS_DEPLOYMENT_TARGET = 17.4;
				LOCALIZATION_PREFERS_STRING_CATALOGS = YES;
				MTL_ENABLE_DEBUG_INFO = NO;
				MTL_FAST_MATH = YES;
				SDKROOT = iphoneos;
				SWIFT_COMPILATION_MODE = wholemodule;
				VALIDATE_PRODUCT = YES;
			};
			name = Release;
		};
		17F401BC2BD661CE00F07971 /* Debug */ = {
			isa = XCBuildConfiguration;
			buildSettings = {
				ASSETCATALOG_COMPILER_APPICON_NAME = AppIcon;
				ASSETCATALOG_COMPILER_GLOBAL_ACCENT_COLOR_NAME = AccentColor;
				CODE_SIGN_STYLE = Automatic;
				CURRENT_PROJECT_VERSION = 1;
				DEVELOPMENT_ASSET_PATHS = "\"Landmarks/Preview Content\"";
				DEVELOPMENT_TEAM = GNYFWR4MZ2;
				ENABLE_PREVIEWS = YES;
				GENERATE_INFOPLIST_FILE = YES;
				INFOPLIST_KEY_UIApplicationSceneManifest_Generation = YES;
				INFOPLIST_KEY_UIApplicationSupportsIndirectInputEvents = YES;
				INFOPLIST_KEY_UILaunchScreen_Generation = YES;
				INFOPLIST_KEY_UISupportedInterfaceOrientations_iPad = "UIInterfaceOrientationPortrait UIInterfaceOrientationPortraitUpsideDown UIInterfaceOrientationLandscapeLeft UIInterfaceOrientationLandscapeRight";
				INFOPLIST_KEY_UISupportedInterfaceOrientations_iPhone = "UIInterfaceOrientationPortrait UIInterfaceOrientationLandscapeLeft UIInterfaceOrientationLandscapeRight";
				LD_RUNPATH_SEARCH_PATHS = (
					"$(inherited)",
					"@executable_path/Frameworks",
				);
				MARKETING_VERSION = 1.0;
				PRODUCT_BUNDLE_IDENTIFIER = behzad.one.Landmarks;
				PRODUCT_NAME = "$(TARGET_NAME)";
				SWIFT_EMIT_LOC_STRINGS = YES;
				SWIFT_VERSION = 5.0;
				TARGETED_DEVICE_FAMILY = "1,2";
			};
			name = Debug;
		};
		17F401BD2BD661CE00F07971 /* Release */ = {
			isa = XCBuildConfiguration;
			buildSettings = {
				ASSETCATALOG_COMPILER_APPICON_NAME = AppIcon;
				ASSETCATALOG_COMPILER_GLOBAL_ACCENT_COLOR_NAME = AccentColor;
				CODE_SIGN_STYLE = Automatic;
				CURRENT_PROJECT_VERSION = 1;
				DEVELOPMENT_ASSET_PATHS = "\"Landmarks/Preview Content\"";
				DEVELOPMENT_TEAM = GNYFWR4MZ2;
				ENABLE_PREVIEWS = YES;
				GENERATE_INFOPLIST_FILE = YES;
				INFOPLIST_KEY_UIApplicationSceneManifest_Generation = YES;
				INFOPLIST_KEY_UIApplicationSupportsIndirectInputEvents = YES;
				INFOPLIST_KEY_UILaunchScreen_Generation = YES;
				INFOPLIST_KEY_UISupportedInterfaceOrientations_iPad = "UIInterfaceOrientationPortrait UIInterfaceOrientationPortraitUpsideDown UIInterfaceOrientationLandscapeLeft UIInterfaceOrientationLandscapeRight";
				INFOPLIST_KEY_UISupportedInterfaceOrientations_iPhone = "UIInterfaceOrientationPortrait UIInterfaceOrientationLandscapeLeft UIInterfaceOrientationLandscapeRight";
				LD_RUNPATH_SEARCH_PATHS = (
					"$(inherited)",
					"@executable_path/Frameworks",
				);
				MARKETING_VERSION = 1.0;
				PRODUCT_BUNDLE_IDENTIFIER = behzad.one.Landmarks;
				PRODUCT_NAME = "$(TARGET_NAME)";
				SWIFT_EMIT_LOC_STRINGS = YES;
				SWIFT_VERSION = 5.0;
				TARGETED_DEVICE_FAMILY = "1,2";
			};
			name = Release;
		};
/* End XCBuildConfiguration section */

/* Begin XCConfigurationList section */
		17F401A82BD661CD00F07971 /* Build configuration list for PBXProject "Landmarks" */ = {
			isa = XCConfigurationList;
			buildConfigurations = (
				17F401B92BD661CE00F07971 /* Debug */,
				17F401BA2BD661CE00F07971 /* Release */,
			);
			defaultConfigurationIsVisible = 0;
			defaultConfigurationName = Release;
		};
		17F401BB2BD661CE00F07971 /* Build configuration list for PBXNativeTarget "Landmarks" */ = {
			isa = XCConfigurationList;
			buildConfigurations = (
				17F401BC2BD661CE00F07971 /* Debug */,
				17F401BD2BD661CE00F07971 /* Release */,
			);
			defaultConfigurationIsVisible = 0;
			defaultConfigurationName = Release;
		};
/* End XCConfigurationList section */
	};
	rootObject = 17F401A52BD661CD00F07971 /* Project object */;
}
